
Microsoft Visual Studio Solution File, Format Version 12.00
Project("{FAE04EC0-301F-11D3-BF4B-00C04F79EFBC}") = "ConsoleApp2", "ConsoleApp2\ConsoleApp2.csproj", "{A34F0B9A-7BAC-4C91-9572-1E65A593F986}"
EndProject
Global
	GlobalSection(SolutionConfigurationPlatforms) = preSolution
		Debug|Any CPU = Debug|Any CPU
		Release|Any CPU = Release|Any CPU
	EndGlobalSection
	GlobalSection(ProjectConfigurationPlatforms) = postSolution
		{A34F0B9A-7BAC-4C91-9572-1E65A593F986}.Debug|Any CPU.ActiveCfg = Debug|Any CPU
		{A34F0B9A-7BAC-4C91-9572-1E65A593F986}.Debug|Any CPU.Build.0 = Debug|Any CPU
		{A34F0B9A-7BAC-4C91-9572-1E65A593F986}.Release|Any CPU.ActiveCfg = Release|Any CPU
		{A34F0B9A-7BAC-4C91-9572-1E65A593F986}.Release|Any CPU.Build.0 = Release|Any CPU
	EndGlobalSection
EndGlobal
